
Microsoft Visual Studio Solution File, Format Version 12.00
# Visual Studio Version 17
VisualStudioVersion = 17.1.32228.430
MinimumVisualStudioVersion = 10.0.40219.1
Project("{9A19103F-16F7-4668-BE54-9A1E7A4F7556}") = "Loja.Server", "Loja\Server\Loja.Server.csproj", "{91930619-A9DD-4188-9AB6-664F362661EF}"
EndProject
Project("{9A19103F-16F7-4668-BE54-9A1E7A4F7556}") = "Loja.Client", "Loja\Client\Loja.Client.csproj", "{FD460943-1A66-4E29-8EA6-516E6AC6545F}"
EndProject
Project("{9A19103F-16F7-4668-BE54-9A1E7A4F7556}") = "Loja.Shared", "Loja\Shared\Loja.Shared.csproj", "{CA2111CB-5010-4C57-A48A-6563DB165614}"
EndProject
Global
	GlobalSection(SolutionConfigurationPlatforms) = preSolution
		Debug|Any CPU = Debug|Any CPU
		Release|Any CPU = Release|Any CPU
	EndGlobalSection
	GlobalSection(ProjectConfigurationPlatforms) = postSolution
		{91930619-A9DD-4188-9AB6-664F362661EF}.Debug|Any CPU.ActiveCfg = Debug|Any CPU
		{91930619-A9DD-4188-9AB6-664F362661EF}.Debug|Any CPU.Build.0 = Debug|Any CPU
		{91930619-A9DD-4188-9AB6-664F362661EF}.Release|Any CPU.ActiveCfg = Release|Any CPU
		{91930619-A9DD-4188-9AB6-664F362661EF}.Release|Any CPU.Build.0 = Release|Any CPU
		{FD460943-1A66-4E29-8EA6-516E6AC6545F}.Debug|Any CPU.ActiveCfg = Debug|Any CPU
		{FD460943-1A66-4E29-8EA6-516E6AC6545F}.Debug|Any CPU.Build.0 = Debug|Any CPU
		{FD460943-1A66-4E29-8EA6-516E6AC6545F}.Release|Any CPU.ActiveCfg = Release|Any CPU
		{FD460943-1A66-4E29-8EA6-516E6AC6545F}.Release|Any CPU.Build.0 = Release|Any CPU
		{CA2111CB-5010-4C57-A48A-6563DB165614}.Debug|Any CPU.ActiveCfg = Debug|Any CPU
		{CA2111CB-5010-4C57-A48A-6563DB165614}.Debug|Any CPU.Build.0 = Debug|Any CPU
		{CA2111CB-5010-4C57-A48A-6563DB165614}.Release|Any CPU.ActiveCfg = Release|Any CPU
		{CA2111CB-5010-4C57-A48A-6563DB165614}.Release|Any CPU.Build.0 = Release|Any CPU
	EndGlobalSection
	GlobalSection(SolutionProperties) = preSolution
		HideSolutionNode = FALSE
	EndGlobalSection
	GlobalSection(ExtensibilityGlobals) = postSolution
		SolutionGuid = {B3794110-A5A6-45E8-8310-BA246E7BD3A1}
	EndGlobalSection
EndGlobal
